
Microsoft Visual Studio Solution File, Format Version 12.00
# Visual Studio 2012
Project("{FAE04EC0-301F-11D3-BF4B-00C04F79EFBC}") = "TodoTest.Tests", "TodoTest.Tests\TodoTest.Tests.csproj", "{96D2C1FA-2239-4884-A1E9-6701767A1DC7}"
EndProject
Project("{FAE04EC0-301F-11D3-BF4B-00C04F79EFBC}") = "TodoTest.Web", "TodoTest.Web\TodoTest.Web.csproj", "{08C9FE2C-3260-4B48-9F99-16A8B993082A}"
EndProject
Project("{2150E333-8FDC-42A3-9474-1A3956D46DE8}") = ".nuget", ".nuget", "{8ECF5F5F-0928-45BB-AE51-6020B7E797FA}"
	ProjectSection(SolutionItems) = preProject
		.nuget\NuGet.Config = .nuget\NuGet.Config
		.nuget\NuGet.exe = .nuget\NuGet.exe
		.nuget\NuGet.targets = .nuget\NuGet.targets
	EndProjectSection
EndProject
Global
	GlobalSection(SolutionConfigurationPlatforms) = preSolution
		Debug|Any CPU = Debug|Any CPU
		Release|Any CPU = Release|Any CPU
	EndGlobalSection
	GlobalSection(ProjectConfigurationPlatforms) = postSolution
		{96D2C1FA-2239-4884-A1E9-6701767A1DC7}.Debug|Any CPU.ActiveCfg = Debug|Any CPU
		{96D2C1FA-2239-4884-A1E9-6701767A1DC7}.Debug|Any CPU.Build.0 = Debug|Any CPU
		{96D2C1FA-2239-4884-A1E9-6701767A1DC7}.Release|Any CPU.ActiveCfg = Release|Any CPU
		{96D2C1FA-2239-4884-A1E9-6701767A1DC7}.Release|Any CPU.Build.0 = Release|Any CPU
		{08C9FE2C-3260-4B48-9F99-16A8B993082A}.Debug|Any CPU.ActiveCfg = Debug|Any CPU
		{08C9FE2C-3260-4B48-9F99-16A8B993082A}.Debug|Any CPU.Build.0 = Debug|Any CPU
		{08C9FE2C-3260-4B48-9F99-16A8B993082A}.Release|Any CPU.ActiveCfg = Release|Any CPU
		{08C9FE2C-3260-4B48-9F99-16A8B993082A}.Release|Any CPU.Build.0 = Release|Any CPU
	EndGlobalSection
	GlobalSection(SolutionProperties) = preSolution
		HideSolutionNode = FALSE
	EndGlobalSection
EndGlobal
